hg.sr.ht/~m15o/nex-pfm v0.0.0-20230723090542-bf1597c0fd1a h1:Dx/ao0pwAOUNDcXcmrDWEET8KwOviLiM+86fyJ8BqQQ=
hg.sr.ht/~m15o/nex-pfm v0.0.0-20230723090542-bf1597c0fd1a/go.mod h1:QxDaxmQdeM0RbYjl115I5LHIkq3+8icVNkiyqKQ5YZ0=
hg.sr.ht/~m15o/nex-pfm v0.1.0 h1:5O95UuDa6fEWlEATBt3hJ/Kdh/rEWw32QTyShQt9Ln0=
hg.sr.ht/~m15o/nex-pfm v0.1.0/go.mod h1:QxDaxmQdeM0RbYjl115I5LHIkq3+8icVNkiyqKQ5YZ0=
